{
  "name": "sitio_web_personal v1.0",
  "lockfileVersion": 2,
  "requires": true,
  "packages": {
    "": {
      "dependencies": {
        "react-lorem-ipsum": "^1.4.10"
      }
    },
    "node_modules/react-lorem-ipsum": {
      "version": "1.4.10",
      "resolved": "https://registry.npmjs.org/react-lorem-ipsum/-/react-lorem-ipsum-1.4.10.tgz",
      "integrity": "sha512-PCEuauLZTGJkm++oxJeUycEgQOBg3qmmD7pn5sUyq9e0OvvNbW32RKQsSgalAYGUIbS91UkDgxvt6iHVAsqYJw=="
    }
  },
  "dependencies": {
    "react-lorem-ipsum": {
      "version": "1.4.10",
      "resolved": "https://registry.npmjs.org/react-lorem-ipsum/-/react-lorem-ipsum-1.4.10.tgz",
      "integrity": "sha512-PCEuauLZTGJkm++oxJeUycEgQOBg3qmmD7pn5sUyq9e0OvvNbW32RKQsSgalAYGUIbS91UkDgxvt6iHVAsqYJw=="
    }
  }
}
